// !$*UTF8*$!
{
	archiveVersion = 1;
	classes = {
	};
	objectVersion = 77;
	objects = {

/* Begin PBXBuildFile section */
		A1C2D3E4F5A6B7C8D9E0F1A2 /* AuthService.swift in Sources */ = {isa = PBXBuildFile; fileRef = B2D3E4F5A6B7C8D9E0F1A2B3 /* AuthService.swift */; };
		C3D4E5F6A7B8C9D0E1F2A3B4 /* LoginView.swift in Sources */ = {isa = PBXBuildFile; fileRef = D4E5F6A7B8C9D0E1F2A3B4C5 /* LoginView.swift */; };
		059E26B7DE33F1D35D4E3D76 /* ControlPanelView.swift in Sources */ = {isa = PBXBuildFile; fileRef = 766D0CA26BEC59F21E8825DA /* ControlPanelView.swift */; };
		A1B2C3D4E5F6A7B8C9D0E1F2 /* PetCareView.swift in Sources */ = {isa = PBXBuildFile; fileRef = D2E3F4A5B6C7D8E9F0A1B2C3 /* PetCareView.swift */; };
		073508FD8742148770DFAE1F /* HookbotWidget.swift in Sources */ = {isa = PBXBuildFile; fileRef = CAF8AD9DCE1B38800DA1ACAA /* HookbotWidget.swift */; };
		07BD3F555688C63668D7FA3F /* WatchBridge.swift in Sources */ = {isa = PBXBuildFile; fileRef = 364282E1BF9F1960110F6626 /* WatchBridge.swift */; };
		0DDF6F16A3D3FC3189659C69 /* DESKBOTUITests.swift in Sources */ = {isa = PBXBuildFile; fileRef = 046CFAEC7691D754A8190D98 /* DESKBOTUITests.swift */; };
		1F911629F6DC6BB9ED760626 /* WatchMainView.swift in Sources */ = {isa = PBXBuildFile; fileRef = EB5F1894C33647E074AD0A11 /* WatchMainView.swift */; };
		280859937075CD2397A0B7C3 /* HapticManager.swift in Sources */ = {isa = PBXBuildFile; fileRef = 1A79020E122E87418F3C8311 /* HapticManager.swift */; };
		2F7D8DA5F1E23D87D838B732 /* SoundManager.swift in Sources */ = {isa = PBXBuildFile; fileRef = 68548CC1A6546E161E55B81D /* SoundManager.swift */; };
		399EF3D57059F96999216474 /* DeskBotWatchApp.swift in Sources */ = {isa = PBXBuildFile; fileRef = 84FD98C98DD47E00CD60024F /* DeskBotWatchApp.swift */; };
		3F3594DB7EFB6F264533284F /* AvatarView.swift in Sources */ = {isa = PBXBuildFile; fileRef = 151A6E66A879D9F121E3EB91 /* AvatarView.swift */; };
		4D96C75DFF977F8C6D79BB18 /* SettingsView.swift in Sources */ = {isa = PBXBuildFile; fileRef = 9E78F1C2EE1F2B99B79482C5 /* SettingsView.swift */; };
		6302DCD81C9A7632F6A3FA91 /* ComplicationProvider.swift in Sources */ = {isa = PBXBuildFile; fileRef = C1CC860A6D555386CA4917BE /* ComplicationProvider.swift */; };
		696CDAF55768C0421919F035 /* AvatarTypes.swift in Sources */ = {isa = PBXBuildFile; fileRef = 7F34933579A3BFBA1A63D45E /* AvatarTypes.swift */; };
		69BE7ECCBB8C64D610ED5831 /* DeskBotApp.swift in Sources */ = {isa = PBXBuildFile; fileRef = 7ADD593CC146528A0CF8D232 /* DeskBotApp.swift */; };
		70F30BBAE5FA7E4DAE16FE57 /* AvatarEngine.swift in Sources */ = {isa = PBXBuildFile; fileRef = 958E05B4490FBB82AF160800 /* AvatarEngine.swift */; };
		74687949565D9BF5D3055476 /* WatchTabView.swift in Sources */ = {isa = PBXBuildFile; fileRef = D8C1FD09F4BC65018E7A445D /* WatchTabView.swift */; };
		795F9096463D614E1D8D278E /* Assets.xcassets in Resources */ = {isa = PBXBuildFile; fileRef = 9D4A29829D15CAF1CA7DC2C2 /* Assets.xcassets */; };
		8387681CD841BE19CE263709 /* WatchActivityView.swift in Sources */ = {isa = PBXBuildFile; fileRef = 91DC5E515C2FA269780D10B7 /* WatchActivityView.swift */; };
		83D3838B6D8A2585F9BBAD6E /* HapticManager.swift in Sources */ = {isa = PBXBuildFile; fileRef = 007B5E84C28B4F2FAD647E7F /* HapticManager.swift */; };
		852612681EE0E86FC8482672 /* WatchSettingsView.swift in Sources */ = {isa = PBXBuildFile; fileRef = 84B2A699DF05CCAFBC594551 /* WatchSettingsView.swift */; };
		8DACF8B3B12766B9175672C9 /* HookbotWidgetExtension.appex in Embed Foundation Extensions */ = {isa = PBXBuildFile; fileRef = 29D23CFC76E3541E35DD929B /* HookbotWidgetExtension.appex */; settings = {ATTRIBUTES = (RemoveHeadersOnCopy, ); }; };
		9E32267AD83F31502A1ABB68 /* WatchAvatarView.swift in Sources */ = {isa = PBXBuildFile; fileRef = 77E4D4006F271E0691E8E892 /* WatchAvatarView.swift */; };
		A6EC1799C2B9EAA765627ABD /* DESKBOTUITestsLaunchTests.swift in Sources */ = {isa = PBXBuildFile; fileRef = 4674801F306764810C52624C /* DESKBOTUITestsLaunchTests.swift */; };
		B217C2B121308687C0468A8A /* AvatarTypes.swift in Sources */ = {isa = PBXBuildFile; fileRef = 7F34933579A3BFBA1A63D45E /* AvatarTypes.swift */; };
		B74A9C85770C5DDF74DF7DB7 /* AvatarEngine.swift in Sources */ = {isa = PBXBuildFile; fileRef = 958E05B4490FBB82AF160800 /* AvatarEngine.swift */; };
		C839B809A95F20092F26DF60 /* Assets.xcassets in Resources */ = {isa = PBXBuildFile; fileRef = 2C3CE9DB464C7E911F7F18C0 /* Assets.xcassets */; };
		C935543D379DAE0399A03D44 /* NetworkService.swift in Sources */ = {isa = PBXBuildFile; fileRef = 64E4ED6FDD298958EA1DB744 /* NetworkService.swift */; };
		E121B6972428789C62702CCD /* MainView.swift in Sources */ = {isa = PBXBuildFile; fileRef = 6FEFC46D0D53977D14F910B1 /* MainView.swift */; };
		E84900E3375350C53FEB89E2 /* WatchStatsView.swift in Sources */ = {isa = PBXBuildFile; fileRef = A951A9849BB551A328D2B3FD /* WatchStatsView.swift */; };
		EF78118C28652960BBA837F7 /* ScreenshotTests.swift in Sources */ = {isa = PBXBuildFile; fileRef = EE74538F6FF7E078FD5A1DF9 /* ScreenshotTests.swift */; };
		F156A3AF2CC4A7BA2413911A /* AvatarRenderer.swift in Sources */ = {isa = PBXBuildFile; fileRef = 03397893315BCC3E84C561BE /* AvatarRenderer.swift */; };
		F4F0D14584599DDB57D66845 /* WatchNetworkService.swift in Sources */ = {isa = PBXBuildFile; fileRef = B84137B7C09B2C196A0D2896 /* WatchNetworkService.swift */; };
		FF2350D11B46FB9A7B22EB30 /* AvatarRenderer.swift in Sources */ = {isa = PBXBuildFile; fileRef = 03397893315BCC3E84C561BE /* AvatarRenderer.swift */; };
		AA01BB02CC03DD04EE05FF06 /* MultipeerService.swift in Sources */ = {isa = PBXBuildFile; fileRef = 1122334455667788AABBCCDD /* MultipeerService.swift */; };
		BB02CC03DD04EE05FF06AA01 /* ProximityService.swift in Sources */ = {isa = PBXBuildFile; fileRef = 2233445566778899BBCCDDEE /* ProximityService.swift */; };
		CC03DD04EE05FF06AA01BB02 /* SharedARView.swift in Sources */ = {isa = PBXBuildFile; fileRef = 3344556677889900CCDDEEFF /* SharedARView.swift */; };
		DD04EE05FF06AA01BB02CC03 /* PongGameView.swift in Sources */ = {isa = PBXBuildFile; fileRef = 445566778899AABBDDEEFF00 /* PongGameView.swift */; };
		BB01A2B3C4D5E6F7A8B9C0D1 /* AvatarEvolutionEngine.swift in Sources */ = {isa = PBXBuildFile; fileRef = AA01B2C3D4E5F6A7B8C9D0E1 /* AvatarEvolutionEngine.swift */; };
		BB02A3B4C5D6E7F8A9B0C1D2 /* BreakReminderManager.swift in Sources */ = {isa = PBXBuildFile; fileRef = AA02B3C4D5E6F7A8B9C0D1E2 /* BreakReminderManager.swift */; };
		BB03A4B5C6D7E8F9A0B1C2D3 /* FocusModeManager.swift in Sources */ = {isa = PBXBuildFile; fileRef = AA03B4C5D6E7F8A9B0C1D2E3 /* FocusModeManager.swift */; };
		BB04A5B6C7D8E9F0A1B2C3D4 /* HealthKitManager.swift in Sources */ = {isa = PBXBuildFile; fileRef = AA04B5C6D7E8F9A0B1C2D3E4 /* HealthKitManager.swift */; };
		BB05A6B7C8D9E0F1A2B3C4D5 /* LiveActivityManager.swift in Sources */ = {isa = PBXBuildFile; fileRef = AA05B6C7D8E9F0A1B2C3D4E5 /* LiveActivityManager.swift */; };
		BB06A7B8C9D0E1F2A3B4C5D6 /* NotificationManager.swift in Sources */ = {isa = PBXBuildFile; fileRef = AA06B7C8D9E0F1A2B3C4D5E6 /* NotificationManager.swift */; };
		BB07A8B9C0D1E2F3A4B5C6D7 /* SeasonalEventsManager.swift in Sources */ = {isa = PBXBuildFile; fileRef = AA07B8C9D0E1F2A3B4C5D6E7 /* SeasonalEventsManager.swift */; };
		BB08A9B0C1D2E3F4A5B6C7D8 /* SiriShortcutManager.swift in Sources */ = {isa = PBXBuildFile; fileRef = AA08B9C0D1E2F3A4B5C6D7E8 /* SiriShortcutManager.swift */; };
		BB09A0B1C2D3E4F5A6B7C8D9 /* SleepGuardianManager.swift in Sources */ = {isa = PBXBuildFile; fileRef = AA09B0C1D2E3F4A5B6C7D8E9 /* SleepGuardianManager.swift */; };
		BB10A1B2C3D4E5F6A7B8C9D0 /* SocialService.swift in Sources */ = {isa = PBXBuildFile; fileRef = AA10B1C2D3E4F5A6B7C8D9E0 /* SocialService.swift */; };
		BB11A2B3C4D5E6F7A8B9C0D1 /* VoiceLinesManager.swift in Sources */ = {isa = PBXBuildFile; fileRef = AA11B2C3D4E5F6A7B8C9D0E1 /* VoiceLinesManager.swift */; };
		3F518F1F2261C26884DB74C1 /* AchievementShowcaseView.swift in Sources */ = {isa = PBXBuildFile; fileRef = 8ECAA8CA141AD0D2360349F1 /* AchievementShowcaseView.swift */; };
		CF472BE4C60138BE72E062D6 /* PomodoroView.swift in Sources */ = {isa = PBXBuildFile; fileRef = 875796E4F37BD819E7C9CBE8 /* PomodoroView.swift */; };
		06D953418DBD6ECF38D08FF0 /* PhotoModeView.swift in Sources */ = {isa = PBXBuildFile; fileRef = 3790273532D9916C0570BD73 /* PhotoModeView.swift */; };
		BA540999D90C22A42AE664B9 /* AvatarJournalView.swift in Sources */ = {isa = PBXBuildFile; fileRef = 1285517988CECE8F35566B03 /* AvatarJournalView.swift */; };
		2345072C8651A88BB8151484 /* DailyRewardView.swift in Sources */ = {isa = PBXBuildFile; fileRef = A0283285BC31333A948F8839 /* DailyRewardView.swift */; };
		C12175E777D4C27BB9928217 /* WardrobeView.swift in Sources */ = {isa = PBXBuildFile; fileRef = 4B8BD8F0519BD402450D140D /* WardrobeView.swift */; };
		BAAB4CF7870020F5F12236A1 /* CodingChallengeView.swift in Sources */ = {isa = PBXBuildFile; fileRef = 33717FAEFAA8EAE9E8EF785F /* CodingChallengeView.swift */; };
		73E405FAD284FBC574F49312 /* VisitHistoryView.swift in Sources */ = {isa = PBXBuildFile; fileRef = A05AAB75F80C667A92DD45E9 /* VisitHistoryView.swift */; };
		57971A2D2989DE26E85D375A /* PairingView.swift in Sources */ = {isa = PBXBuildFile; fileRef = 9E08E6E2D93AFCF872061357 /* PairingView.swift */; };
		9E793FF0FEA2C17E032EE54D /* FriendListView.swift in Sources */ = {isa = PBXBuildFile; fileRef = 634182FC645CA25E5A54C38D /* FriendListView.swift */; };
		B36A3373C95A17303D35566A /* TeamCampfireView.swift in Sources */ = {isa = PBXBuildFile; fileRef = B3A479B11891DF1BED0B05BC /* TeamCampfireView.swift */; };
		CB005A6917FCFD260BEDBFD1 /* AvatarEmotesView.swift in Sources */ = {isa = PBXBuildFile; fileRef = 73AEDA1DBF737A8C3EF1990F /* AvatarEmotesView.swift */; };
		3BFA25C7B55804561E2964E4 /* WeeklyPhotoCardView.swift in Sources */ = {isa = PBXBuildFile; fileRef = E93633D908914C59F8E2F069 /* WeeklyPhotoCardView.swift */; };
/* End PBXBuildFile section */

/* Begin PBXContainerItemProxy section */
		2201BA9A9AC2115380F845A2 /* PBXContainerItemProxy */ = {
			isa = PBXContainerItemProxy;
			containerPortal = F7A1AB380677B6739118F360 /* Project object */;
			proxyType = 1;
			remoteGlobalIDString = E6617562021CCDEA0A23FB31;
			remoteInfo = HookbotWidgetExtension;
		};
		3027DCD54A14D1B61C7818C3 /* PBXContainerItemProxy */ = {
			isa = PBXContainerItemProxy;
			containerPortal = F7A1AB380677B6739118F360 /* Project object */;
			proxyType = 1;
			remoteGlobalIDString = 3FB113BB92292451E5D9FF81;
			remoteInfo = Hookbot;
		};
		41E15DD8903181203F222BC8 /* PBXContainerItemProxy */ = {
			isa = PBXContainerItemProxy;
			containerPortal = F7A1AB380677B6739118F360 /* Project object */;
			proxyType = 1;
			remoteGlobalIDString = 3FB113BB92292451E5D9FF81;
			remoteInfo = Hookbot;
		};
/* End PBXContainerItemProxy section */

/* Begin PBXCopyFilesBuildPhase section */
		FDB6BE7160543AD1B6309584 /* Embed Foundation Extensions */ = {
			isa = PBXCopyFilesBuildPhase;
			buildActionMask = 2147483647;
			dstPath = "";
			dstSubfolderSpec = 13;
			files = (
				8DACF8B3B12766B9175672C9 /* HookbotWidgetExtension.appex in Embed Foundation Extensions */,
			);
			name = "Embed Foundation Extensions";
			runOnlyForDeploymentPostprocessing = 0;
		};
/* End PBXCopyFilesBuildPhase section */

/* Begin PBXFileReference section */
		007B5E84C28B4F2FAD647E7F /* HapticManager.swift */ = {isa = PBXFileReference; lastKnownFileType = sourcecode.swift; path = HapticManager.swift; sourceTree = "<group>"; };
		03397893315BCC3E84C561BE /* AvatarRenderer.swift */ = {isa = PBXFileReference; lastKnownFileType = sourcecode.swift; path = AvatarRenderer.swift; sourceTree = "<group>"; };
		B2D3E4F5A6B7C8D9E0F1A2B3 /* AuthService.swift */ = {isa = PBXFileReference; lastKnownFileType = sourcecode.swift; path = AuthService.swift; sourceTree = "<group>"; };
		D4E5F6A7B8C9D0E1F2A3B4C5 /* LoginView.swift */ = {isa = PBXFileReference; lastKnownFileType = sourcecode.swift; path = LoginView.swift; sourceTree = "<group>"; };
		E5F6A7B8C9D0E1F2A3B4C5D6 /* Info.plist */ = {isa = PBXFileReference; lastKnownFileType = text.plist.xml; path = Info.plist; sourceTree = "<group>"; };
		046CFAEC7691D754A8190D98 /* DESKBOTUITests.swift */ = {isa = PBXFileReference; lastKnownFileType = sourcecode.swift; path = DESKBOTUITests.swift; sourceTree = "<group>"; };
		0B9AE980C2B59FAFAD453E4E /* Info.plist */ = {isa = PBXFileReference; lastKnownFileType = text.plist; path = Info.plist; sourceTree = "<group>"; };
		151A6E66A879D9F121E3EB91 /* AvatarView.swift */ = {isa = PBXFileReference; lastKnownFileType = sourcecode.swift; path = AvatarView.swift; sourceTree = "<group>"; };
		1A79020E122E87418F3C8311 /* HapticManager.swift */ = {isa = PBXFileReference; lastKnownFileType = sourcecode.swift; path = HapticManager.swift; sourceTree = "<group>"; };
		29D23CFC76E3541E35DD929B /* HookbotWidgetExtension.appex */ = {isa = PBXFileReference; explicitFileType = "wrapper.app-extension"; includeInIndex = 0; path = HookbotWidgetExtension.appex; sourceTree = BUILT_PRODUCTS_DIR; };
		2C3CE9DB464C7E911F7F18C0 /* Assets.xcassets */ = {isa = PBXFileReference; lastKnownFileType = folder.assetcatalog; path = Assets.xcassets; sourceTree = "<group>"; };
		364282E1BF9F1960110F6626 /* WatchBridge.swift */ = {isa = PBXFileReference; lastKnownFileType = sourcecode.swift; path = WatchBridge.swift; sourceTree = "<group>"; };
		4674801F306764810C52624C /* DESKBOTUITestsLaunchTests.swift */ = {isa = PBXFileReference; lastKnownFileType = sourcecode.swift; path = DESKBOTUITestsLaunchTests.swift; sourceTree = "<group>"; };
		54D7C47D418E782FC63F6973 /* Hookbot.app */ = {isa = PBXFileReference; includeInIndex = 0; lastKnownFileType = wrapper.application; path = Hookbot.app; sourceTree = BUILT_PRODUCTS_DIR; };
		5EFA7C0FF72A2EE9E044D48B /* Hookbot.entitlements */ = {isa = PBXFileReference; lastKnownFileType = text.plist.entitlements; path = Hookbot.entitlements; sourceTree = "<group>"; };
		64E4ED6FDD298958EA1DB744 /* NetworkService.swift */ = {isa = PBXFileReference; lastKnownFileType = sourcecode.swift; path = NetworkService.swift; sourceTree = "<group>"; };
		68548CC1A6546E161E55B81D /* SoundManager.swift */ = {isa = PBXFileReference; lastKnownFileType = sourcecode.swift; path = SoundManager.swift; sourceTree = "<group>"; };
		6FEFC46D0D53977D14F910B1 /* MainView.swift */ = {isa = PBXFileReference; lastKnownFileType = sourcecode.swift; path = MainView.swift; sourceTree = "<group>"; };
		D2E3F4A5B6C7D8E9F0A1B2C3 /* PetCareView.swift */ = {isa = PBXFileReference; lastKnownFileType = sourcecode.swift; path = PetCareView.swift; sourceTree = "<group>"; };
		766D0CA26BEC59F21E8825DA /* ControlPanelView.swift */ = {isa = PBXFileReference; lastKnownFileType = sourcecode.swift; path = ControlPanelView.swift; sourceTree = "<group>"; };
		77E4D4006F271E0691E8E892 /* WatchAvatarView.swift */ = {isa = PBXFileReference; lastKnownFileType = sourcecode.swift; path = WatchAvatarView.swift; sourceTree = "<group>"; };
		7ADD593CC146528A0CF8D232 /* DeskBotApp.swift */ = {isa = PBXFileReference; lastKnownFileType = sourcecode.swift; path = DeskBotApp.swift; sourceTree = "<group>"; };
		7F34933579A3BFBA1A63D45E /* AvatarTypes.swift */ = {isa = PBXFileReference; lastKnownFileType = sourcecode.swift; path = AvatarTypes.swift; sourceTree = "<group>"; };
		7FF48B21F485D574BFEE833B /* HookbotWatch.app */ = {isa = PBXFileReference; explicitFileType = wrapper.application; includeInIndex = 0; path = HookbotWatch.app; sourceTree = BUILT_PRODUCTS_DIR; };
		84B2A699DF05CCAFBC594551 /* WatchSettingsView.swift */ = {isa = PBXFileReference; lastKnownFileType = sourcecode.swift; path = WatchSettingsView.swift; sourceTree = "<group>"; };
		84FD98C98DD47E00CD60024F /* DeskBotWatchApp.swift */ = {isa = PBXFileReference; lastKnownFileType = sourcecode.swift; path = DeskBotWatchApp.swift; sourceTree = "<group>"; };
		90F89258978F3788C22FAB43 /* HookbotUITests.xctest */ = {isa = PBXFileReference; includeInIndex = 0; lastKnownFileType = wrapper.cfbundle; path = HookbotUITests.xctest; sourceTree = BUILT_PRODUCTS_DIR; };
		91DC5E515C2FA269780D10B7 /* WatchActivityView.swift */ = {isa = PBXFileReference; lastKnownFileType = sourcecode.swift; path = WatchActivityView.swift; sourceTree = "<group>"; };
		958E05B4490FBB82AF160800 /* AvatarEngine.swift */ = {isa = PBXFileReference; lastKnownFileType = sourcecode.swift; path = AvatarEngine.swift; sourceTree = "<group>"; };
		9D4A29829D15CAF1CA7DC2C2 /* Assets.xcassets */ = {isa = PBXFileReference; lastKnownFileType = folder.assetcatalog; path = Assets.xcassets; sourceTree = "<group>"; };
		9E78F1C2EE1F2B99B79482C5 /* SettingsView.swift */ = {isa = PBXFileReference; lastKnownFileType = sourcecode.swift; path = SettingsView.swift; sourceTree = "<group>"; };
		A951A9849BB551A328D2B3FD /* WatchStatsView.swift */ = {isa = PBXFileReference; lastKnownFileType = sourcecode.swift; path = WatchStatsView.swift; sourceTree = "<group>"; };
		B84137B7C09B2C196A0D2896 /* WatchNetworkService.swift */ = {isa = PBXFileReference; lastKnownFileType = sourcecode.swift; path = WatchNetworkService.swift; sourceTree = "<group>"; };
		C1CC860A6D555386CA4917BE /* ComplicationProvider.swift */ = {isa = PBXFileReference; lastKnownFileType = sourcecode.swift; path = ComplicationProvider.swift; sourceTree = "<group>"; };
		CAF8AD9DCE1B38800DA1ACAA /* HookbotWidget.swift */ = {isa = PBXFileReference; lastKnownFileType = sourcecode.swift; path = HookbotWidget.swift; sourceTree = "<group>"; };
		D8C1FD09F4BC65018E7A445D /* WatchTabView.swift */ = {isa = PBXFileReference; lastKnownFileType = sourcecode.swift; path = WatchTabView.swift; sourceTree = "<group>"; };
		EB5F1894C33647E074AD0A11 /* WatchMainView.swift */ = {isa = PBXFileReference; lastKnownFileType = sourcecode.swift; path = WatchMainView.swift; sourceTree = "<group>"; };
		EE74538F6FF7E078FD5A1DF9 /* ScreenshotTests.swift */ = {isa = PBXFileReference; lastKnownFileType = sourcecode.swift; path = ScreenshotTests.swift; sourceTree = "<group>"; };
		1122334455667788AABBCCDD /* MultipeerService.swift */ = {isa = PBXFileReference; lastKnownFileType = sourcecode.swift; path = MultipeerService.swift; sourceTree = "<group>"; };
		2233445566778899BBCCDDEE /* ProximityService.swift */ = {isa = PBXFileReference; lastKnownFileType = sourcecode.swift; path = ProximityService.swift; sourceTree = "<group>"; };
		3344556677889900CCDDEEFF /* SharedARView.swift */ = {isa = PBXFileReference; lastKnownFileType = sourcecode.swift; path = SharedARView.swift; sourceTree = "<group>"; };
		445566778899AABBDDEEFF00 /* PongGameView.swift */ = {isa = PBXFileReference; lastKnownFileType = sourcecode.swift; path = PongGameView.swift; sourceTree = "<group>"; };
		AA01B2C3D4E5F6A7B8C9D0E1 /* AvatarEvolutionEngine.swift */ = {isa = PBXFileReference; lastKnownFileType = sourcecode.swift; path = AvatarEvolutionEngine.swift; sourceTree = "<group>"; };
		AA02B3C4D5E6F7A8B9C0D1E2 /* BreakReminderManager.swift */ = {isa = PBXFileReference; lastKnownFileType = sourcecode.swift; path = BreakReminderManager.swift; sourceTree = "<group>"; };
		AA03B4C5D6E7F8A9B0C1D2E3 /* FocusModeManager.swift */ = {isa = PBXFileReference; lastKnownFileType = sourcecode.swift; path = FocusModeManager.swift; sourceTree = "<group>"; };
		AA04B5C6D7E8F9A0B1C2D3E4 /* HealthKitManager.swift */ = {isa = PBXFileReference; lastKnownFileType = sourcecode.swift; path = HealthKitManager.swift; sourceTree = "<group>"; };
		AA05B6C7D8E9F0A1B2C3D4E5 /* LiveActivityManager.swift */ = {isa = PBXFileReference; lastKnownFileType = sourcecode.swift; path = LiveActivityManager.swift; sourceTree = "<group>"; };
		AA06B7C8D9E0F1A2B3C4D5E6 /* NotificationManager.swift */ = {isa = PBXFileReference; lastKnownFileType = sourcecode.swift; path = NotificationManager.swift; sourceTree = "<group>"; };
		AA07B8C9D0E1F2A3B4C5D6E7 /* SeasonalEventsManager.swift */ = {isa = PBXFileReference; lastKnownFileType = sourcecode.swift; path = SeasonalEventsManager.swift; sourceTree = "<group>"; };
		AA08B9C0D1E2F3A4B5C6D7E8 /* SiriShortcutManager.swift */ = {isa = PBXFileReference; lastKnownFileType = sourcecode.swift; path = SiriShortcutManager.swift; sourceTree = "<group>"; };
		AA09B0C1D2E3F4A5B6C7D8E9 /* SleepGuardianManager.swift */ = {isa = PBXFileReference; lastKnownFileType = sourcecode.swift; path = SleepGuardianManager.swift; sourceTree = "<group>"; };
		AA10B1C2D3E4F5A6B7C8D9E0 /* SocialService.swift */ = {isa = PBXFileReference; lastKnownFileType = sourcecode.swift; path = SocialService.swift; sourceTree = "<group>"; };
		AA11B2C3D4E5F6A7B8C9D0E1 /* VoiceLinesManager.swift */ = {isa = PBXFileReference; lastKnownFileType = sourcecode.swift; path = VoiceLinesManager.swift; sourceTree = "<group>"; };
		8ECAA8CA141AD0D2360349F1 /* AchievementShowcaseView.swift */ = {isa = PBXFileReference; lastKnownFileType = sourcecode.swift; path = AchievementShowcaseView.swift; sourceTree = "<group>"; };
		875796E4F37BD819E7C9CBE8 /* PomodoroView.swift */ = {isa = PBXFileReference; lastKnownFileType = sourcecode.swift; path = PomodoroView.swift; sourceTree = "<group>"; };
		3790273532D9916C0570BD73 /* PhotoModeView.swift */ = {isa = PBXFileReference; lastKnownFileType = sourcecode.swift; path = PhotoModeView.swift; sourceTree = "<group>"; };
		1285517988CECE8F35566B03 /* AvatarJournalView.swift */ = {isa = PBXFileReference; lastKnownFileType = sourcecode.swift; path = AvatarJournalView.swift; sourceTree = "<group>"; };
		A0283285BC31333A948F8839 /* DailyRewardView.swift */ = {isa = PBXFileReference; lastKnownFileType = sourcecode.swift; path = DailyRewardView.swift; sourceTree = "<group>"; };
		4B8BD8F0519BD402450D140D /* WardrobeView.swift */ = {isa = PBXFileReference; lastKnownFileType = sourcecode.swift; path = WardrobeView.swift; sourceTree = "<group>"; };
		33717FAEFAA8EAE9E8EF785F /* CodingChallengeView.swift */ = {isa = PBXFileReference; lastKnownFileType = sourcecode.swift; path = CodingChallengeView.swift; sourceTree = "<group>"; };
		A05AAB75F80C667A92DD45E9 /* VisitHistoryView.swift */ = {isa = PBXFileReference; lastKnownFileType = sourcecode.swift; path = VisitHistoryView.swift; sourceTree = "<group>"; };
		9E08E6E2D93AFCF872061357 /* PairingView.swift */ = {isa = PBXFileReference; lastKnownFileType = sourcecode.swift; path = PairingView.swift; sourceTree = "<group>"; };
		634182FC645CA25E5A54C38D /* FriendListView.swift */ = {isa = PBXFileReference; lastKnownFileType = sourcecode.swift; path = FriendListView.swift; sourceTree = "<group>"; };
		B3A479B11891DF1BED0B05BC /* TeamCampfireView.swift */ = {isa = PBXFileReference; lastKnownFileType = sourcecode.swift; path = TeamCampfireView.swift; sourceTree = "<group>"; };
		73AEDA1DBF737A8C3EF1990F /* AvatarEmotesView.swift */ = {isa = PBXFileReference; lastKnownFileType = sourcecode.swift; path = AvatarEmotesView.swift; sourceTree = "<group>"; };
		E93633D908914C59F8E2F069 /* WeeklyPhotoCardView.swift */ = {isa = PBXFileReference; lastKnownFileType = sourcecode.swift; path = WeeklyPhotoCardView.swift; sourceTree = "<group>"; };
/* End PBXFileReference section */

/* Begin PBXGroup section */
		06CBB800FED0EF03CF145128 /* Services */ = {
			isa = PBXGroup;
			children = (
				B2D3E4F5A6B7C8D9E0F1A2B3 /* AuthService.swift */,
				AA01B2C3D4E5F6A7B8C9D0E1 /* AvatarEvolutionEngine.swift */,
				AA02B3C4D5E6F7A8B9C0D1E2 /* BreakReminderManager.swift */,
				AA03B4C5D6E7F8A9B0C1D2E3 /* FocusModeManager.swift */,
				007B5E84C28B4F2FAD647E7F /* HapticManager.swift */,
				1122334455667788AABBCCDD /* MultipeerService.swift */,
				64E4ED6FDD298958EA1DB744 /* NetworkService.swift */,
				2233445566778899BBCCDDEE /* ProximityService.swift */,
				AA04B5C6D7E8F9A0B1C2D3E4 /* HealthKitManager.swift */,
				AA05B6C7D8E9F0A1B2C3D4E5 /* LiveActivityManager.swift */,
				64E4ED6FDD298958EA1DB744 /* NetworkService.swift */,
				AA06B7C8D9E0F1A2B3C4D5E6 /* NotificationManager.swift */,
				AA07B8C9D0E1F2A3B4C5D6E7 /* SeasonalEventsManager.swift */,
				AA08B9C0D1E2F3A4B5C6D7E8 /* SiriShortcutManager.swift */,
				AA09B0C1D2E3F4A5B6C7D8E9 /* SleepGuardianManager.swift */,
				AA10B1C2D3E4F5A6B7C8D9E0 /* SocialService.swift */,
				68548CC1A6546E161E55B81D /* SoundManager.swift */,
				AA11B2C3D4E5F6A7B8C9D0E1 /* VoiceLinesManager.swift */,
				364282E1BF9F1960110F6626 /* WatchBridge.swift */,
			);
			path = Services;
			sourceTree = "<group>";
		};
		30D135FC11E6BDC1652F5235 /* Complications */ = {
			isa = PBXGroup;
			children = (
				C1CC860A6D555386CA4917BE /* ComplicationProvider.swift */,
				CAF8AD9DCE1B38800DA1ACAA /* HookbotWidget.swift */,
				0B9AE980C2B59FAFAD453E4E /* Info.plist */,
			);
			path = Complications;
			sourceTree = "<group>";
		};
		3C05CF566F178449FBE7D2CF /* Views */ = {
			isa = PBXGroup;
			children = (
				151A6E66A879D9F121E3EB91 /* AvatarView.swift */,
				766D0CA26BEC59F21E8825DA /* ControlPanelView.swift */,
				D4E5F6A7B8C9D0E1F2A3B4C5 /* LoginView.swift */,
				6FEFC46D0D53977D14F910B1 /* MainView.swift */,
				D2E3F4A5B6C7D8E9F0A1B2C3 /* PetCareView.swift */,
				445566778899AABBDDEEFF00 /* PongGameView.swift */,
				9E78F1C2EE1F2B99B79482C5 /* SettingsView.swift */,
				3344556677889900CCDDEEFF /* SharedARView.swift */,
				8ECAA8CA141AD0D2360349F1 /* AchievementShowcaseView.swift */,
				875796E4F37BD819E7C9CBE8 /* PomodoroView.swift */,
				3790273532D9916C0570BD73 /* PhotoModeView.swift */,
				1285517988CECE8F35566B03 /* AvatarJournalView.swift */,
				A0283285BC31333A948F8839 /* DailyRewardView.swift */,
				4B8BD8F0519BD402450D140D /* WardrobeView.swift */,
				5052FF547C68F37718CD24EF /* Social */,
			);
			path = Views;
			sourceTree = "<group>";
		};
		3EE5533E5E90E9E02740FB5E /* HookbotWatch */ = {
			isa = PBXGroup;
			children = (
				9D4A29829D15CAF1CA7DC2C2 /* Assets.xcassets */,
				D7F650FA895FE33B5586EFA5 /* App */,
				30D135FC11E6BDC1652F5235 /* Complications */,
				4E007DF837B96623D1081CB0 /* Services */,
				73890AFDE0437EFEA421E1B8 /* Views */,
			);
			path = HookbotWatch;
			sourceTree = "<group>";
		};
		4E007DF837B96623D1081CB0 /* Services */ = {
			isa = PBXGroup;
			children = (
				1A79020E122E87418F3C8311 /* HapticManager.swift */,
				B84137B7C09B2C196A0D2896 /* WatchNetworkService.swift */,
			);
			path = Services;
			sourceTree = "<group>";
		};
		73890AFDE0437EFEA421E1B8 /* Views */ = {
			isa = PBXGroup;
			children = (
				91DC5E515C2FA269780D10B7 /* WatchActivityView.swift */,
				77E4D4006F271E0691E8E892 /* WatchAvatarView.swift */,
				EB5F1894C33647E074AD0A11 /* WatchMainView.swift */,
				84B2A699DF05CCAFBC594551 /* WatchSettingsView.swift */,
				A951A9849BB551A328D2B3FD /* WatchStatsView.swift */,
				D8C1FD09F4BC65018E7A445D /* WatchTabView.swift */,
			);
			path = Views;
			sourceTree = "<group>";
		};
		7D4CE94BEFE6407C1D50CF9F = {
			isa = PBXGroup;
			children = (
				FE0BF9ABE084FD708B082190 /* Hookbot */,
				F1C17BEEFCA8866F48D9D3CB /* HookbotUITests */,
				3EE5533E5E90E9E02740FB5E /* HookbotWatch */,
				9CBF57E722CAA136A89B9F81 /* Shared */,
				91D9E95A31162E3E6CA43DFA /* Products */,
			);
			sourceTree = "<group>";
		};
		8A03C8999E692EEE93D0A597 /* App */ = {
			isa = PBXGroup;
			children = (
				7ADD593CC146528A0CF8D232 /* DeskBotApp.swift */,
			);
			path = App;
			sourceTree = "<group>";
		};
		91D9E95A31162E3E6CA43DFA /* Products */ = {
			isa = PBXGroup;
			children = (
				54D7C47D418E782FC63F6973 /* Hookbot.app */,
				90F89258978F3788C22FAB43 /* HookbotUITests.xctest */,
				7FF48B21F485D574BFEE833B /* HookbotWatch.app */,
				29D23CFC76E3541E35DD929B /* HookbotWidgetExtension.appex */,
			);
			name = Products;
			sourceTree = "<group>";
		};
		9CBF57E722CAA136A89B9F81 /* Shared */ = {
			isa = PBXGroup;
			children = (
				958E05B4490FBB82AF160800 /* AvatarEngine.swift */,
				03397893315BCC3E84C561BE /* AvatarRenderer.swift */,
				7F34933579A3BFBA1A63D45E /* AvatarTypes.swift */,
			);
			path = Shared;
			sourceTree = "<group>";
		};
		D7F650FA895FE33B5586EFA5 /* App */ = {
			isa = PBXGroup;
			children = (
				84FD98C98DD47E00CD60024F /* DeskBotWatchApp.swift */,
			);
			path = App;
			sourceTree = "<group>";
		};
		F1C17BEEFCA8866F48D9D3CB /* HookbotUITests */ = {
			isa = PBXGroup;
			children = (
				046CFAEC7691D754A8190D98 /* DESKBOTUITests.swift */,
				4674801F306764810C52624C /* DESKBOTUITestsLaunchTests.swift */,
				EE74538F6FF7E078FD5A1DF9 /* ScreenshotTests.swift */,
			);
			path = HookbotUITests;
			sourceTree = "<group>";
		};
		FE0BF9ABE084FD708B082190 /* Hookbot */ = {
			isa = PBXGroup;
			children = (
				2C3CE9DB464C7E911F7F18C0 /* Assets.xcassets */,
				5EFA7C0FF72A2EE9E044D48B /* Hookbot.entitlements */,
				E5F6A7B8C9D0E1F2A3B4C5D6 /* Info.plist */,
				8A03C8999E692EEE93D0A597 /* App */,
				06CBB800FED0EF03CF145128 /* Services */,
				3C05CF566F178449FBE7D2CF /* Views */,
			);
			path = Hookbot;
			sourceTree = "<group>";
		};
		5052FF547C68F37718CD24EF /* Social */ = {
			isa = PBXGroup;
			children = (
				33717FAEFAA8EAE9E8EF785F /* CodingChallengeView.swift */,
				A05AAB75F80C667A92DD45E9 /* VisitHistoryView.swift */,
				9E08E6E2D93AFCF872061357 /* PairingView.swift */,
				634182FC645CA25E5A54C38D /* FriendListView.swift */,
				B3A479B11891DF1BED0B05BC /* TeamCampfireView.swift */,
				73AEDA1DBF737A8C3EF1990F /* AvatarEmotesView.swift */,
				E93633D908914C59F8E2F069 /* WeeklyPhotoCardView.swift */,
			);
			path = Social;
			sourceTree = "<group>";
		};
/* End PBXGroup section */

/* Begin PBXNativeTarget section */
		00837AA4718731B110629A8A /* HookbotWatch */ = {
			isa = PBXNativeTarget;
			buildConfigurationList = 8CCA5A9E3726CFB3C173DCC1 /* Build configuration list for PBXNativeTarget "HookbotWatch" */;
			buildPhases = (
				83B71C0FD82430537B2DB014 /* Sources */,
				308B800743C11585009C12D4 /* Resources */,
				FDB6BE7160543AD1B6309584 /* Embed Foundation Extensions */,
			);
			buildRules = (
			);
			dependencies = (
				1ED986F80F81E779AF02F3DB /* PBXTargetDependency */,
				95E3DDA13224FCB99162B0E5 /* PBXTargetDependency */,
			);
			name = HookbotWatch;
			packageProductDependencies = (
			);
			productName = HookbotWatch;
			productReference = 7FF48B21F485D574BFEE833B /* HookbotWatch.app */;
			productType = "com.apple.product-type.application";
		};
		3FB113BB92292451E5D9FF81 /* Hookbot */ = {
			isa = PBXNativeTarget;
			buildConfigurationList = 12E5B5AF220A6CE4E637A8C8 /* Build configuration list for PBXNativeTarget "Hookbot" */;
			buildPhases = (
				04892BDBEAE83EC4A58E869D /* Sources */,
				5F3F63080D02D66D882F7C2E /* Resources */,
			);
			buildRules = (
			);
			dependencies = (
			);
			name = Hookbot;
			packageProductDependencies = (
			);
			productName = Hookbot;
			productReference = 54D7C47D418E782FC63F6973 /* Hookbot.app */;
			productType = "com.apple.product-type.application";
		};
		D8A85BC31B8015DAA6324798 /* HookbotUITests */ = {
			isa = PBXNativeTarget;
			buildConfigurationList = 3709859A5A0DB222DE13B590 /* Build configuration list for PBXNativeTarget "HookbotUITests" */;
			buildPhases = (
				5BCE1B924A407AE78F5BEEA7 /* Sources */,
			);
			buildRules = (
			);
			dependencies = (
				8C01E282C7DAC0F915E1A346 /* PBXTargetDependency */,
			);
			name = HookbotUITests;
			packageProductDependencies = (
			);
			productName = HookbotUITests;
			productReference = 90F89258978F3788C22FAB43 /* HookbotUITests.xctest */;
			productType = "com.apple.product-type.bundle.ui-testing";
		};
		E6617562021CCDEA0A23FB31 /* HookbotWidgetExtension */ = {
			isa = PBXNativeTarget;
			buildConfigurationList = 7EA51164019FBFFA97D9B990 /* Build configuration list for PBXNativeTarget "HookbotWidgetExtension" */;
			buildPhases = (
				B353911C00778014FFB880AC /* Sources */,
			);
			buildRules = (
			);
			dependencies = (
			);
			name = HookbotWidgetExtension;
			packageProductDependencies = (
			);
			productName = HookbotWidgetExtension;
			productReference = 29D23CFC76E3541E35DD929B /* HookbotWidgetExtension.appex */;
			productType = "com.apple.product-type.app-extension";
		};
/* End PBXNativeTarget section */

/* Begin PBXProject section */
		F7A1AB380677B6739118F360 /* Project object */ = {
			isa = PBXProject;
			attributes = {
				BuildIndependentTargetsInParallel = YES;
				LastUpgradeCheck = 1500;
				TargetAttributes = {
					00837AA4718731B110629A8A = {
						DevelopmentTeam = 56YDP2JJ35;
						ProvisioningStyle = Automatic;
					};
					3FB113BB92292451E5D9FF81 = {
						DevelopmentTeam = 56YDP2JJ35;
						ProvisioningStyle = Automatic;
					};
					D8A85BC31B8015DAA6324798 = {
						DevelopmentTeam = 56YDP2JJ35;
						ProvisioningStyle = Automatic;
						TestTargetID = 3FB113BB92292451E5D9FF81;
					};
					E6617562021CCDEA0A23FB31 = {
						DevelopmentTeam = 56YDP2JJ35;
						ProvisioningStyle = Automatic;
					};
				};
			};
			buildConfigurationList = 6674E57AEF0675312652A33C /* Build configuration list for PBXProject "Hookbot" */;
			developmentRegion = en;
			hasScannedForEncodings = 0;
			knownRegions = (
				Base,
				en,
			);
			mainGroup = 7D4CE94BEFE6407C1D50CF9F;
			minimizedProjectReferenceProxies = 1;
			preferredProjectObjectVersion = 77;
			productRefGroup = 91D9E95A31162E3E6CA43DFA /* Products */;
			projectDirPath = "";
			projectRoot = "";
			targets = (
				3FB113BB92292451E5D9FF81 /* Hookbot */,
				D8A85BC31B8015DAA6324798 /* HookbotUITests */,
				00837AA4718731B110629A8A /* HookbotWatch */,
				E6617562021CCDEA0A23FB31 /* HookbotWidgetExtension */,
			);
		};
/* End PBXProject section */

/* Begin PBXResourcesBuildPhase section */
		308B800743C11585009C12D4 /* Resources */ = {
			isa = PBXResourcesBuildPhase;
			buildActionMask = 2147483647;
			files = (
				795F9096463D614E1D8D278E /* Assets.xcassets in Resources */,
			);
			runOnlyForDeploymentPostprocessing = 0;
		};
		5F3F63080D02D66D882F7C2E /* Resources */ = {
			isa = PBXResourcesBuildPhase;
			buildActionMask = 2147483647;
			files = (
				C839B809A95F20092F26DF60 /* Assets.xcassets in Resources */,
			);
			runOnlyForDeploymentPostprocessing = 0;
		};
/* End PBXResourcesBuildPhase section */

/* Begin PBXSourcesBuildPhase section */
		04892BDBEAE83EC4A58E869D /* Sources */ = {
			isa = PBXSourcesBuildPhase;
			buildActionMask = 2147483647;
			files = (
				A1C2D3E4F5A6B7C8D9E0F1A2 /* AuthService.swift in Sources */,
				B74A9C85770C5DDF74DF7DB7 /* AvatarEngine.swift in Sources */,
				F156A3AF2CC4A7BA2413911A /* AvatarRenderer.swift in Sources */,
				B217C2B121308687C0468A8A /* AvatarTypes.swift in Sources */,
				3F3594DB7EFB6F264533284F /* AvatarView.swift in Sources */,
				059E26B7DE33F1D35D4E3D76 /* ControlPanelView.swift in Sources */,
				69BE7ECCBB8C64D610ED5831 /* DeskBotApp.swift in Sources */,
				83D3838B6D8A2585F9BBAD6E /* HapticManager.swift in Sources */,
				C3D4E5F6A7B8C9D0E1F2A3B4 /* LoginView.swift in Sources */,
				E121B6972428789C62702CCD /* MainView.swift in Sources */,
				C935543D379DAE0399A03D44 /* NetworkService.swift in Sources */,
				AA01BB02CC03DD04EE05FF06 /* MultipeerService.swift in Sources */,
				A1B2C3D4E5F6A7B8C9D0E1F2 /* PetCareView.swift in Sources */,
				DD04EE05FF06AA01BB02CC03 /* PongGameView.swift in Sources */,
				BB02CC03DD04EE05FF06AA01 /* ProximityService.swift in Sources */,
				4D96C75DFF977F8C6D79BB18 /* SettingsView.swift in Sources */,
				CC03DD04EE05FF06AA01BB02 /* SharedARView.swift in Sources */,
				2F7D8DA5F1E23D87D838B732 /* SoundManager.swift in Sources */,
				07BD3F555688C63668D7FA3F /* WatchBridge.swift in Sources */,
				BB01A2B3C4D5E6F7A8B9C0D1 /* AvatarEvolutionEngine.swift in Sources */,
				BB02A3B4C5D6E7F8A9B0C1D2 /* BreakReminderManager.swift in Sources */,
				BB03A4B5C6D7E8F9A0B1C2D3 /* FocusModeManager.swift in Sources */,
				BB04A5B6C7D8E9F0A1B2C3D4 /* HealthKitManager.swift in Sources */,
				BB05A6B7C8D9E0F1A2B3C4D5 /* LiveActivityManager.swift in Sources */,
				BB06A7B8C9D0E1F2A3B4C5D6 /* NotificationManager.swift in Sources */,
				BB07A8B9C0D1E2F3A4B5C6D7 /* SeasonalEventsManager.swift in Sources */,
				BB08A9B0C1D2E3F4A5B6C7D8 /* SiriShortcutManager.swift in Sources */,
				BB09A0B1C2D3E4F5A6B7C8D9 /* SleepGuardianManager.swift in Sources */,
				BB10A1B2C3D4E5F6A7B8C9D0 /* SocialService.swift in Sources */,
				BB11A2B3C4D5E6F7A8B9C0D1 /* VoiceLinesManager.swift in Sources */,
				3F518F1F2261C26884DB74C1 /* AchievementShowcaseView.swift in Sources */,
				CF472BE4C60138BE72E062D6 /* PomodoroView.swift in Sources */,
				06D953418DBD6ECF38D08FF0 /* PhotoModeView.swift in Sources */,
				BA540999D90C22A42AE664B9 /* AvatarJournalView.swift in Sources */,
				2345072C8651A88BB8151484 /* DailyRewardView.swift in Sources */,
				C12175E777D4C27BB9928217 /* WardrobeView.swift in Sources */,
				BAAB4CF7870020F5F12236A1 /* CodingChallengeView.swift in Sources */,
				73E405FAD284FBC574F49312 /* VisitHistoryView.swift in Sources */,
				57971A2D2989DE26E85D375A /* PairingView.swift in Sources */,
				9E793FF0FEA2C17E032EE54D /* FriendListView.swift in Sources */,
				B36A3373C95A17303D35566A /* TeamCampfireView.swift in Sources */,
				CB005A6917FCFD260BEDBFD1 /* AvatarEmotesView.swift in Sources */,
				3BFA25C7B55804561E2964E4 /* WeeklyPhotoCardView.swift in Sources */,
			);
			runOnlyForDeploymentPostprocessing = 0;
		};
		5BCE1B924A407AE78F5BEEA7 /* Sources */ = {
			isa = PBXSourcesBuildPhase;
			buildActionMask = 2147483647;
			files = (
				0DDF6F16A3D3FC3189659C69 /* DESKBOTUITests.swift in Sources */,
				A6EC1799C2B9EAA765627ABD /* DESKBOTUITestsLaunchTests.swift in Sources */,
				EF78118C28652960BBA837F7 /* ScreenshotTests.swift in Sources */,
			);
			runOnlyForDeploymentPostprocessing = 0;
		};
		83B71C0FD82430537B2DB014 /* Sources */ = {
			isa = PBXSourcesBuildPhase;
			buildActionMask = 2147483647;
			files = (
				70F30BBAE5FA7E4DAE16FE57 /* AvatarEngine.swift in Sources */,
				FF2350D11B46FB9A7B22EB30 /* AvatarRenderer.swift in Sources */,
				696CDAF55768C0421919F035 /* AvatarTypes.swift in Sources */,
				399EF3D57059F96999216474 /* DeskBotWatchApp.swift in Sources */,
				280859937075CD2397A0B7C3 /* HapticManager.swift in Sources */,
				8387681CD841BE19CE263709 /* WatchActivityView.swift in Sources */,
				9E32267AD83F31502A1ABB68 /* WatchAvatarView.swift in Sources */,
				1F911629F6DC6BB9ED760626 /* WatchMainView.swift in Sources */,
				F4F0D14584599DDB57D66845 /* WatchNetworkService.swift in Sources */,
				852612681EE0E86FC8482672 /* WatchSettingsView.swift in Sources */,
				E84900E3375350C53FEB89E2 /* WatchStatsView.swift in Sources */,
				74687949565D9BF5D3055476 /* WatchTabView.swift in Sources */,
			);
			runOnlyForDeploymentPostprocessing = 0;
		};
		B353911C00778014FFB880AC /* Sources */ = {
			isa = PBXSourcesBuildPhase;
			buildActionMask = 2147483647;
			files = (
				6302DCD81C9A7632F6A3FA91 /* ComplicationProvider.swift in Sources */,
				073508FD8742148770DFAE1F /* HookbotWidget.swift in Sources */,
			);
			runOnlyForDeploymentPostprocessing = 0;
		};
/* End PBXSourcesBuildPhase section */

/* Begin PBXTargetDependency section */
		1ED986F80F81E779AF02F3DB /* PBXTargetDependency */ = {
			isa = PBXTargetDependency;
			target = 3FB113BB92292451E5D9FF81 /* Hookbot */;
			targetProxy = 41E15DD8903181203F222BC8 /* PBXContainerItemProxy */;
		};
		8C01E282C7DAC0F915E1A346 /* PBXTargetDependency */ = {
			isa = PBXTargetDependency;
			target = 3FB113BB92292451E5D9FF81 /* Hookbot */;
			targetProxy = 3027DCD54A14D1B61C7818C3 /* PBXContainerItemProxy */;
		};
		95E3DDA13224FCB99162B0E5 /* PBXTargetDependency */ = {
			isa = PBXTargetDependency;
			target = E6617562021CCDEA0A23FB31 /* HookbotWidgetExtension */;
			targetProxy = 2201BA9A9AC2115380F845A2 /* PBXContainerItemProxy */;
		};
/* End PBXTargetDependency section */

/* Begin XCBuildConfiguration section */
		0A520D25C5621F9E8963EEDD /* Release */ = {
			isa = XCBuildConfiguration;
			buildSettings = {
				CURRENT_PROJECT_VERSION = 1;
				INFOPLIST_FILE = HookbotWatch/Complications/Info.plist;
				LD_RUNPATH_SEARCH_PATHS = "$(inherited) @executable_path/Frameworks @executable_path/../../Frameworks";
				MARKETING_VERSION = 1.0.0;
				PRODUCT_BUNDLE_IDENTIFIER = "com.mr-ai.hookbot.watchkitapp.widget";
				SDKROOT = watchos;
				SKIP_INSTALL = YES;
				TARGETED_DEVICE_FAMILY = 4;
			};
			name = Release;
		};
		10C5A22FAC67523BF77203E0 /* Debug */ = {
			isa = XCBuildConfiguration;
			buildSettings = {
				ASSETCATALOG_COMPILER_APPICON_NAME = AppIcon;
				CODE_SIGN_ENTITLEMENTS = Hookbot/Hookbot.entitlements;
				CODE_SIGN_IDENTITY = "iPhone Developer";
				HOOKBOT_SERVER_URL = "https://hookbot.mr-ai.no";
				CURRENT_PROJECT_VERSION = 1;
				GENERATE_INFOPLIST_FILE = YES;
				INFOPLIST_KEY_CFBundleDisplayName = Hookbot;
				INFOPLIST_FILE = Hookbot/Info.plist;
				INFOPLIST_KEY_ITSAppUsesNonExemptEncryption = NO;
				INFOPLIST_KEY_LSApplicationCategoryType = "public.app-category.developer-tools";
				INFOPLIST_KEY_NSBonjourServices = (
					_http._tcp,
				);
				INFOPLIST_KEY_NSLocalNetworkUsageDescription = "Hookbot needs local network access to receive state changes from Claude Code and communicate with the management server.";
				INFOPLIST_KEY_UIApplicationSceneManifest_Generation = YES;
				INFOPLIST_KEY_UIApplicationSupportsIndirectInputEvents = YES;
				INFOPLIST_KEY_UILaunchScreen_Generation = YES;
				INFOPLIST_KEY_UISupportedInterfaceOrientations_iPad = "UIInterfaceOrientationPortrait UIInterfaceOrientationPortraitUpsideDown UIInterfaceOrientationLandscapeLeft UIInterfaceOrientationLandscapeRight";
				INFOPLIST_KEY_UISupportedInterfaceOrientations_iPhone = "UIInterfaceOrientationPortrait UIInterfaceOrientationLandscapeLeft UIInterfaceOrientationLandscapeRight";
				LD_RUNPATH_SEARCH_PATHS = (
					"$(inherited)",
					"@executable_path/Frameworks",
				);
				MARKETING_VERSION = 1.0.0;
				PRODUCT_BUNDLE_IDENTIFIER = "com.mr-ai.hookbot";
				SDKROOT = iphoneos;
				SUPPORTED_PLATFORMS = "iphoneos iphonesimulator";
				SUPPORTS_MACCATALYST = YES;
				SUPPORTS_MAC_DESIGNED_FOR_IPHONE_IPAD = NO;
				SUPPORTS_XR_DESIGNED_FOR_IPHONE_IPAD = YES;
				TARGETED_DEVICE_FAMILY = "1,2";
			};
			name = Debug;
		};
		2B66037D80644430230BE37A /* Release */ = {
			isa = XCBuildConfiguration;
			buildSettings = {
				ASSETCATALOG_COMPILER_APPICON_NAME = AppIcon;
				CURRENT_PROJECT_VERSION = 1;
				GENERATE_INFOPLIST_FILE = YES;
				INFOPLIST_FILE = HookbotWatch/Complications/Info.plist;
				INFOPLIST_KEY_CFBundleDisplayName = Hookbot;
				INFOPLIST_KEY_WKCompanionAppBundleIdentifier = "com.mr-ai.hookbot";
				MARKETING_VERSION = 1.0.0;
				PRODUCT_BUNDLE_IDENTIFIER = "com.mr-ai.hookbot.watchkitapp";
				SDKROOT = watchos;
				SKIP_INSTALL = YES;
				TARGETED_DEVICE_FAMILY = 4;
			};
			name = Release;
		};
		6D944C8B012071CD502B44A8 /* Debug */ = {
			isa = XCBuildConfiguration;
			buildSettings = {
				ASSETCATALOG_COMPILER_APPICON_NAME = AppIcon;
				CURRENT_PROJECT_VERSION = 1;
				GENERATE_INFOPLIST_FILE = YES;
				INFOPLIST_FILE = HookbotWatch/Complications/Info.plist;
				INFOPLIST_KEY_CFBundleDisplayName = Hookbot;
				INFOPLIST_KEY_WKCompanionAppBundleIdentifier = "com.mr-ai.hookbot";
				MARKETING_VERSION = 1.0.0;
				PRODUCT_BUNDLE_IDENTIFIER = "com.mr-ai.hookbot.watchkitapp";
				SDKROOT = watchos;
				SKIP_INSTALL = YES;
				TARGETED_DEVICE_FAMILY = 4;
			};
			name = Debug;
		};
		70CC643911434A865C3048D1 /* Debug */ = {
			isa = XCBuildConfiguration;
			buildSettings = {
				BUNDLE_LOADER = "$(TEST_HOST)";
				GENERATE_INFOPLIST_FILE = YES;
				LD_RUNPATH_SEARCH_PATHS = (
					"$(inherited)",
					"@executable_path/Frameworks",
					"@loader_path/Frameworks",
				);
				PRODUCT_BUNDLE_IDENTIFIER = "com.mr-ai.hookbot.uitests";
				SDKROOT = iphoneos;
				TARGETED_DEVICE_FAMILY = "1,2";
				TEST_TARGET_NAME = Hookbot;
			};
			name = Debug;
		};
		9B83070B64205AD36DC8F262 /* Debug */ = {
			isa = XCBuildConfiguration;
			buildSettings = {
				ALWAYS_SEARCH_USER_PATHS = NO;
				CLANG_ANALYZER_NONNULL = YES;
				CLANG_ANALYZER_NUMBER_OBJECT_CONVERSION = YES_AGGRESSIVE;
				CLANG_CXX_LANGUAGE_STANDARD = "gnu++14";
				CLANG_CXX_LIBRARY = "libc++";
				CLANG_ENABLE_MODULES = YES;
				CLANG_ENABLE_OBJC_ARC = YES;
				CLANG_ENABLE_OBJC_WEAK = YES;
				CLANG_WARN_BLOCK_CAPTURE_AUTORELEASING = YES;
				CLANG_WARN_BOOL_CONVERSION = YES;
				CLANG_WARN_COMMA = YES;
				CLANG_WARN_CONSTANT_CONVERSION = YES;
				CLANG_WARN_DEPRECATED_OBJC_IMPLEMENTATIONS = YES;
				CLANG_WARN_DIRECT_OBJC_ISA_USAGE = YES_ERROR;
				CLANG_WARN_DOCUMENTATION_COMMENTS = YES;
				CLANG_WARN_EMPTY_BODY = YES;
				CLANG_WARN_ENUM_CONVERSION = YES;
				CLANG_WARN_INFINITE_RECURSION = YES;
				CLANG_WARN_INT_CONVERSION = YES;
				CLANG_WARN_NON_LITERAL_NULL_CONVERSION = YES;
				CLANG_WARN_OBJC_IMPLICIT_RETAIN_SELF = YES;
				CLANG_WARN_OBJC_LITERAL_CONVERSION = YES;
				CLANG_WARN_OBJC_ROOT_CLASS = YES_ERROR;
				CLANG_WARN_QUOTED_INCLUDE_IN_FRAMEWORK_HEADER = YES;
				CLANG_WARN_RANGE_LOOP_ANALYSIS = YES;
				CLANG_WARN_STRICT_PROTOTYPES = YES;
				CLANG_WARN_SUSPICIOUS_MOVE = YES;
				CLANG_WARN_UNGUARDED_AVAILABILITY = YES_AGGRESSIVE;
				CLANG_WARN_UNREACHABLE_CODE = YES;
				CLANG_WARN__DUPLICATE_METHOD_MATCH = YES;
				CODE_SIGN_STYLE = Automatic;
				COPY_PHASE_STRIP = NO;
				DEBUG_INFORMATION_FORMAT = dwarf;
				DEVELOPMENT_TEAM = 56YDP2JJ35;
				ENABLE_STRICT_OBJC_MSGSEND = YES;
				ENABLE_TESTABILITY = YES;
				GCC_C_LANGUAGE_STANDARD = gnu11;
				GCC_DYNAMIC_NO_PIC = NO;
				GCC_NO_COMMON_BLOCKS = YES;
				GCC_OPTIMIZATION_LEVEL = 0;
				GCC_PREPROCESSOR_DEFINITIONS = (
					"$(inherited)",
					"DEBUG=1",
				);
				GCC_WARN_64_TO_32_BIT_CONVERSION = YES;
				GCC_WARN_ABOUT_RETURN_TYPE = YES_ERROR;
				GCC_WARN_UNDECLARED_SELECTOR = YES;
				GCC_WARN_UNINITIALIZED_AUTOS = YES_AGGRESSIVE;
				GCC_WARN_UNUSED_FUNCTION = YES;
				GCC_WARN_UNUSED_VARIABLE = YES;
				IPHONEOS_DEPLOYMENT_TARGET = 17.0;
				MACOSX_DEPLOYMENT_TARGET = 14.0;
				MTL_ENABLE_DEBUG_INFO = INCLUDE_SOURCE;
				MTL_FAST_MATH = YES;
				ONLY_ACTIVE_ARCH = YES;
				PRODUCT_NAME = "$(TARGET_NAME)";
				SWIFT_ACTIVE_COMPILATION_CONDITIONS = DEBUG;
				SWIFT_OPTIMIZATION_LEVEL = "-Onone";
				SWIFT_VERSION = 5.9;
				WATCHOS_DEPLOYMENT_TARGET = 10.0;
			};
			name = Debug;
		};
		A11108E0C2CBA8041ED32397 /* Release */ = {
			isa = XCBuildConfiguration;
			buildSettings = {
				ASSETCATALOG_COMPILER_APPICON_NAME = AppIcon;
				CODE_SIGN_ENTITLEMENTS = Hookbot/Hookbot.entitlements;
				CODE_SIGN_IDENTITY = "iPhone Developer";
				HOOKBOT_SERVER_URL = "https://hookbot.mr-ai.no";
				CURRENT_PROJECT_VERSION = 1;
				GENERATE_INFOPLIST_FILE = YES;
				INFOPLIST_FILE = Hookbot/Info.plist;
				INFOPLIST_KEY_CFBundleDisplayName = Hookbot;
				INFOPLIST_KEY_ITSAppUsesNonExemptEncryption = NO;
				INFOPLIST_KEY_LSApplicationCategoryType = "public.app-category.developer-tools";
				INFOPLIST_KEY_NSBonjourServices = (
					_http._tcp,
				);
				INFOPLIST_KEY_NSLocalNetworkUsageDescription = "Hookbot needs local network access to receive state changes from Claude Code and communicate with the management server.";
				INFOPLIST_KEY_UIApplicationSceneManifest_Generation = YES;
				INFOPLIST_KEY_UIApplicationSupportsIndirectInputEvents = YES;
				INFOPLIST_KEY_UILaunchScreen_Generation = YES;
				INFOPLIST_KEY_UISupportedInterfaceOrientations_iPad = "UIInterfaceOrientationPortrait UIInterfaceOrientationPortraitUpsideDown UIInterfaceOrientationLandscapeLeft UIInterfaceOrientationLandscapeRight";
				INFOPLIST_KEY_UISupportedInterfaceOrientations_iPhone = "UIInterfaceOrientationPortrait UIInterfaceOrientationLandscapeLeft UIInterfaceOrientationLandscapeRight";
				LD_RUNPATH_SEARCH_PATHS = (
					"$(inherited)",
					"@executable_path/Frameworks",
				);
				MARKETING_VERSION = 1.0.0;
				PRODUCT_BUNDLE_IDENTIFIER = "com.mr-ai.hookbot";
				SDKROOT = iphoneos;
				SUPPORTED_PLATFORMS = "iphoneos iphonesimulator";
				SUPPORTS_MACCATALYST = YES;
				SUPPORTS_MAC_DESIGNED_FOR_IPHONE_IPAD = NO;
				SUPPORTS_XR_DESIGNED_FOR_IPHONE_IPAD = YES;
				TARGETED_DEVICE_FAMILY = "1,2";
			};
			name = Release;
		};
		C176FA2AD7B6E74B7A68D476 /* Release */ = {
			isa = XCBuildConfiguration;
			buildSettings = {
				BUNDLE_LOADER = "$(TEST_HOST)";
				GENERATE_INFOPLIST_FILE = YES;
				LD_RUNPATH_SEARCH_PATHS = (
					"$(inherited)",
					"@executable_path/Frameworks",
					"@loader_path/Frameworks",
				);
				PRODUCT_BUNDLE_IDENTIFIER = "com.mr-ai.hookbot.uitests";
				SDKROOT = iphoneos;
				TARGETED_DEVICE_FAMILY = "1,2";
				TEST_TARGET_NAME = Hookbot;
			};
			name = Release;
		};
		CC9289B03D5E901D8A5200B1 /* Release */ = {
			isa = XCBuildConfiguration;
			buildSettings = {
				ALWAYS_SEARCH_USER_PATHS = NO;
				CLANG_ANALYZER_NONNULL = YES;
				CLANG_ANALYZER_NUMBER_OBJECT_CONVERSION = YES_AGGRESSIVE;
				CLANG_CXX_LANGUAGE_STANDARD = "gnu++14";
				CLANG_CXX_LIBRARY = "libc++";
				CLANG_ENABLE_MODULES = YES;
				CLANG_ENABLE_OBJC_ARC = YES;
				CLANG_ENABLE_OBJC_WEAK = YES;
				CLANG_WARN_BLOCK_CAPTURE_AUTORELEASING = YES;
				CLANG_WARN_BOOL_CONVERSION = YES;
				CLANG_WARN_COMMA = YES;
				CLANG_WARN_CONSTANT_CONVERSION = YES;
				CLANG_WARN_DEPRECATED_OBJC_IMPLEMENTATIONS = YES;
				CLANG_WARN_DIRECT_OBJC_ISA_USAGE = YES_ERROR;
				CLANG_WARN_DOCUMENTATION_COMMENTS = YES;
				CLANG_WARN_EMPTY_BODY = YES;
				CLANG_WARN_ENUM_CONVERSION = YES;
				CLANG_WARN_INFINITE_RECURSION = YES;
				CLANG_WARN_INT_CONVERSION = YES;
				CLANG_WARN_NON_LITERAL_NULL_CONVERSION = YES;
				CLANG_WARN_OBJC_IMPLICIT_RETAIN_SELF = YES;
				CLANG_WARN_OBJC_LITERAL_CONVERSION = YES;
				CLANG_WARN_OBJC_ROOT_CLASS = YES_ERROR;
				CLANG_WARN_QUOTED_INCLUDE_IN_FRAMEWORK_HEADER = YES;
				CLANG_WARN_RANGE_LOOP_ANALYSIS = YES;
				CLANG_WARN_STRICT_PROTOTYPES = YES;
				CLANG_WARN_SUSPICIOUS_MOVE = YES;
				CLANG_WARN_UNGUARDED_AVAILABILITY = YES_AGGRESSIVE;
				CLANG_WARN_UNREACHABLE_CODE = YES;
				CLANG_WARN__DUPLICATE_METHOD_MATCH = YES;
				CODE_SIGN_STYLE = Automatic;
				COPY_PHASE_STRIP = NO;
				DEBUG_INFORMATION_FORMAT = "dwarf-with-dsym";
				DEVELOPMENT_TEAM = 56YDP2JJ35;
				ENABLE_NS_ASSERTIONS = NO;
				ENABLE_STRICT_OBJC_MSGSEND = YES;
				GCC_C_LANGUAGE_STANDARD = gnu11;
				GCC_NO_COMMON_BLOCKS = YES;
				GCC_WARN_64_TO_32_BIT_CONVERSION = YES;
				GCC_WARN_ABOUT_RETURN_TYPE = YES_ERROR;
				GCC_WARN_UNDECLARED_SELECTOR = YES;
				GCC_WARN_UNINITIALIZED_AUTOS = YES_AGGRESSIVE;
				GCC_WARN_UNUSED_FUNCTION = YES;
				GCC_WARN_UNUSED_VARIABLE = YES;
				IPHONEOS_DEPLOYMENT_TARGET = 17.0;
				MACOSX_DEPLOYMENT_TARGET = 14.0;
				MTL_ENABLE_DEBUG_INFO = NO;
				MTL_FAST_MATH = YES;
				PRODUCT_NAME = "$(TARGET_NAME)";
				SWIFT_COMPILATION_MODE = wholemodule;
				SWIFT_OPTIMIZATION_LEVEL = "-O";
				SWIFT_VERSION = 5.9;
				WATCHOS_DEPLOYMENT_TARGET = 10.0;
			};
			name = Release;
		};
		DC4BE71C7C7E7E81DB961BC0 /* Debug */ = {
			isa = XCBuildConfiguration;
			buildSettings = {
				CURRENT_PROJECT_VERSION = 1;
				INFOPLIST_FILE = HookbotWatch/Complications/Info.plist;
				LD_RUNPATH_SEARCH_PATHS = "$(inherited) @executable_path/Frameworks @executable_path/../../Frameworks";
				MARKETING_VERSION = 1.0.0;
				PRODUCT_BUNDLE_IDENTIFIER = "com.mr-ai.hookbot.watchkitapp.widget";
				SDKROOT = watchos;
				SKIP_INSTALL = YES;
				TARGETED_DEVICE_FAMILY = 4;
			};
			name = Debug;
		};
/* End XCBuildConfiguration section */

/* Begin XCConfigurationList section */
		12E5B5AF220A6CE4E637A8C8 /* Build configuration list for PBXNativeTarget "Hookbot" */ = {
			isa = XCConfigurationList;
			buildConfigurations = (
				10C5A22FAC67523BF77203E0 /* Debug */,
				A11108E0C2CBA8041ED32397 /* Release */,
			);
			defaultConfigurationIsVisible = 0;
			defaultConfigurationName = Debug;
		};
		3709859A5A0DB222DE13B590 /* Build configuration list for PBXNativeTarget "HookbotUITests" */ = {
			isa = XCConfigurationList;
			buildConfigurations = (
				70CC643911434A865C3048D1 /* Debug */,
				C176FA2AD7B6E74B7A68D476 /* Release */,
			);
			defaultConfigurationIsVisible = 0;
			defaultConfigurationName = Debug;
		};
		6674E57AEF0675312652A33C /* Build configuration list for PBXProject "Hookbot" */ = {
			isa = XCConfigurationList;
			buildConfigurations = (
				9B83070B64205AD36DC8F262 /* Debug */,
				CC9289B03D5E901D8A5200B1 /* Release */,
			);
			defaultConfigurationIsVisible = 0;
			defaultConfigurationName = Debug;
		};
		7EA51164019FBFFA97D9B990 /* Build configuration list for PBXNativeTarget "HookbotWidgetExtension" */ = {
			isa = XCConfigurationList;
			buildConfigurations = (
				DC4BE71C7C7E7E81DB961BC0 /* Debug */,
				0A520D25C5621F9E8963EEDD /* Release */,
			);
			defaultConfigurationIsVisible = 0;
			defaultConfigurationName = Debug;
		};
		8CCA5A9E3726CFB3C173DCC1 /* Build configuration list for PBXNativeTarget "HookbotWatch" */ = {
			isa = XCConfigurationList;
			buildConfigurations = (
				6D944C8B012071CD502B44A8 /* Debug */,
				2B66037D80644430230BE37A /* Release */,
			);
			defaultConfigurationIsVisible = 0;
			defaultConfigurationName = Debug;
		};
/* End XCConfigurationList section */
	};
	rootObject = F7A1AB380677B6739118F360 /* Project object */;
}
